// !$*UTF8*$!
{
	archiveVersion = 1;
	classes = {
	};
	objectVersion = 56;
	objects = {

/* Begin PBXBuildFile section */
		D0C17E5429002DE200FFB9C3 /* Coles_RecipesApp.swift in Sources */ = {isa = PBXBuildFile; fileRef = D0C17E5329002DE200FFB9C3 /* Coles_RecipesApp.swift */; };
		D0C17E5629002DE200FFB9C3 /* RecipeView.swift in Sources */ = {isa = PBXBuildFile; fileRef = D0C17E5529002DE200FFB9C3 /* RecipeView.swift */; };
		D0C17E5829002DE500FFB9C3 /* Assets.xcassets in Resources */ = {isa = PBXBuildFile; fileRef = D0C17E5729002DE500FFB9C3 /* Assets.xcassets */; };
		D0C17E5B29002DE500FFB9C3 /* Preview Assets.xcassets in Resources */ = {isa = PBXBuildFile; fileRef = D0C17E5A29002DE500FFB9C3 /* Preview Assets.xcassets */; };
		D0C17E6529002DE500FFB9C3 /* Coles_RecipesTests.swift in Sources */ = {isa = PBXBuildFile; fileRef = D0C17E6429002DE500FFB9C3 /* Coles_RecipesTests.swift */; };
		D0C17E6F29002DE600FFB9C3 /* Coles_RecipesUITests.swift in Sources */ = {isa = PBXBuildFile; fileRef = D0C17E6E29002DE600FFB9C3 /* Coles_RecipesUITests.swift */; };
		D0C17E7129002DE600FFB9C3 /* Coles_RecipesUITestsLaunchTests.swift in Sources */ = {isa = PBXBuildFile; fileRef = D0C17E7029002DE600FFB9C3 /* Coles_RecipesUITestsLaunchTests.swift */; };
		D0C17E7F29002EA900FFB9C3 /* recipesSample.json in Resources */ = {isa = PBXBuildFile; fileRef = D0C17E7E29002EA900FFB9C3 /* recipesSample.json */; };
		D0C17E822900319E00FFB9C3 /* Recipe.swift in Sources */ = {isa = PBXBuildFile; fileRef = D0C17E812900319E00FFB9C3 /* Recipe.swift */; };
		D0C17E852900322000FFB9C3 /* RecipeDetails.swift in Sources */ = {isa = PBXBuildFile; fileRef = D0C17E842900322000FFB9C3 /* RecipeDetails.swift */; };
		D0C17E872900362F00FFB9C3 /* PreviewModels.swift in Sources */ = {isa = PBXBuildFile; fileRef = D0C17E862900362F00FFB9C3 /* PreviewModels.swift */; };
		D0C17E8A29003D0D00FFB9C3 /* ContentManager.swift in Sources */ = {isa = PBXBuildFile; fileRef = D0C17E8929003D0D00FFB9C3 /* ContentManager.swift */; };
		D0C17E8D2900433A00FFB9C3 /* RecipeTest.swift in Sources */ = {isa = PBXBuildFile; fileRef = D0C17E8C2900433A00FFB9C3 /* RecipeTest.swift */; };
		D0C17E8E2900446B00FFB9C3 /* Recipe.swift in Sources */ = {isa = PBXBuildFile; fileRef = D0C17E812900319E00FFB9C3 /* Recipe.swift */; };
		D0C17E8F2900451D00FFB9C3 /* RecipeDetails.swift in Sources */ = {isa = PBXBuildFile; fileRef = D0C17E842900322000FFB9C3 /* RecipeDetails.swift */; };
		D0C17E902900456100FFB9C3 /* ContentManager.swift in Sources */ = {isa = PBXBuildFile; fileRef = D0C17E8929003D0D00FFB9C3 /* ContentManager.swift */; };
		D0C17E922900458F00FFB9C3 /* RecipeDetailsTest.swift in Sources */ = {isa = PBXBuildFile; fileRef = D0C17E912900458F00FFB9C3 /* RecipeDetailsTest.swift */; };
		D0C17E942900475200FFB9C3 /* Ingredient.swift in Sources */ = {isa = PBXBuildFile; fileRef = D0C17E932900475200FFB9C3 /* Ingredient.swift */; };
		D0C17E96290047D200FFB9C3 /* IngredientTest.swift in Sources */ = {isa = PBXBuildFile; fileRef = D0C17E95290047D200FFB9C3 /* IngredientTest.swift */; };
		D0C17E97290047D600FFB9C3 /* Ingredient.swift in Sources */ = {isa = PBXBuildFile; fileRef = D0C17E932900475200FFB9C3 /* Ingredient.swift */; };
/* End PBXBuildFile section */

/* Begin PBXContainerItemProxy section */
		D0C17E6129002DE500FFB9C3 /* PBXContainerItemProxy */ = {
			isa = PBXContainerItemProxy;
			containerPortal = D0C17E4829002DE200FFB9C3 /* Project object */;
			proxyType = 1;
			remoteGlobalIDString = D0C17E4F29002DE200FFB9C3;
			remoteInfo = "Coles Recipes";
		};
		D0C17E6B29002DE500FFB9C3 /* PBXContainerItemProxy */ = {
			isa = PBXContainerItemProxy;
			containerPortal = D0C17E4829002DE200FFB9C3 /* Project object */;
			proxyType = 1;
			remoteGlobalIDString = D0C17E4F29002DE200FFB9C3;
			remoteInfo = "Coles Recipes";
		};
/* End PBXContainerItemProxy section */

/* Begin PBXFileReference section */
		D0C17E5029002DE200FFB9C3 /* Coles Recipes.app */ = {isa = PBXFileReference; explicitFileType = wrapper.application; includeInIndex = 0; path = "Coles Recipes.app"; sourceTree = BUILT_PRODUCTS_DIR; };
		D0C17E5329002DE200FFB9C3 /* Coles_RecipesApp.swift */ = {isa = PBXFileReference; lastKnownFileType = sourcecode.swift; path = Coles_RecipesApp.swift; sourceTree = "<group>"; };
		D0C17E5529002DE200FFB9C3 /* RecipeView.swift */ = {isa = PBXFileReference; lastKnownFileType = sourcecode.swift; path = RecipeView.swift; sourceTree = "<group>"; };
		D0C17E5729002DE500FFB9C3 /* Assets.xcassets */ = {isa = PBXFileReference; lastKnownFileType = folder.assetcatalog; path = Assets.xcassets; sourceTree = "<group>"; };
		D0C17E5A29002DE500FFB9C3 /* Preview Assets.xcassets */ = {isa = PBXFileReference; lastKnownFileType = folder.assetcatalog; path = "Preview Assets.xcassets"; sourceTree = "<group>"; };
		D0C17E6029002DE500FFB9C3 /* Coles RecipesTests.xctest */ = {isa = PBXFileReference; explicitFileType = wrapper.cfbundle; includeInIndex = 0; path = "Coles RecipesTests.xctest"; sourceTree = BUILT_PRODUCTS_DIR; };
		D0C17E6429002DE500FFB9C3 /* Coles_RecipesTests.swift */ = {isa = PBXFileReference; lastKnownFileType = sourcecode.swift; path = Coles_RecipesTests.swift; sourceTree = "<group>"; };
		D0C17E6A29002DE500FFB9C3 /* Coles RecipesUITests.xctest */ = {isa = PBXFileReference; explicitFileType = wrapper.cfbundle; includeInIndex = 0; path = "Coles RecipesUITests.xctest"; sourceTree = BUILT_PRODUCTS_DIR; };
		D0C17E6E29002DE600FFB9C3 /* Coles_RecipesUITests.swift */ = {isa = PBXFileReference; lastKnownFileType = sourcecode.swift; path = Coles_RecipesUITests.swift; sourceTree = "<group>"; };
		D0C17E7029002DE600FFB9C3 /* Coles_RecipesUITestsLaunchTests.swift */ = {isa = PBXFileReference; lastKnownFileType = sourcecode.swift; path = Coles_RecipesUITestsLaunchTests.swift; sourceTree = "<group>"; };
		D0C17E7E29002EA900FFB9C3 /* recipesSample.json */ = {isa = PBXFileReference; fileEncoding = 4; lastKnownFileType = text.json; path = recipesSample.json; sourceTree = "<group>"; };
		D0C17E812900319E00FFB9C3 /* Recipe.swift */ = {isa = PBXFileReference; lastKnownFileType = sourcecode.swift; path = Recipe.swift; sourceTree = "<group>"; };
		D0C17E842900322000FFB9C3 /* RecipeDetails.swift */ = {isa = PBXFileReference; lastKnownFileType = sourcecode.swift; path = RecipeDetails.swift; sourceTree = "<group>"; };
		D0C17E862900362F00FFB9C3 /* PreviewModels.swift */ = {isa = PBXFileReference; lastKnownFileType = sourcecode.swift; path = PreviewModels.swift; sourceTree = "<group>"; };
		D0C17E8929003D0D00FFB9C3 /* ContentManager.swift */ = {isa = PBXFileReference; lastKnownFileType = sourcecode.swift; path = ContentManager.swift; sourceTree = "<group>"; };
		D0C17E8C2900433A00FFB9C3 /* RecipeTest.swift */ = {isa = PBXFileReference; lastKnownFileType = sourcecode.swift; path = RecipeTest.swift; sourceTree = "<group>"; };
		D0C17E912900458F00FFB9C3 /* RecipeDetailsTest.swift */ = {isa = PBXFileReference; lastKnownFileType = sourcecode.swift; path = RecipeDetailsTest.swift; sourceTree = "<group>"; };
		D0C17E932900475200FFB9C3 /* Ingredient.swift */ = {isa = PBXFileReference; lastKnownFileType = sourcecode.swift; path = Ingredient.swift; sourceTree = "<group>"; };
		D0C17E95290047D200FFB9C3 /* IngredientTest.swift */ = {isa = PBXFileReference; lastKnownFileType = sourcecode.swift; path = IngredientTest.swift; sourceTree = "<group>"; };
/* End PBXFileReference section */

/* Begin PBXFrameworksBuildPhase section */
		D0C17E4D29002DE200FFB9C3 /* Frameworks */ = {
			isa = PBXFrameworksBuildPhase;
			buildActionMask = 2147483647;
			files = (
			);
			runOnlyForDeploymentPostprocessing = 0;
		};
		D0C17E5D29002DE500FFB9C3 /* Frameworks */ = {
			isa = PBXFrameworksBuildPhase;
			buildActionMask = 2147483647;
			files = (
			);
			runOnlyForDeploymentPostprocessing = 0;
		};
		D0C17E6729002DE500FFB9C3 /* Frameworks */ = {
			isa = PBXFrameworksBuildPhase;
			buildActionMask = 2147483647;
			files = (
			);
			runOnlyForDeploymentPostprocessing = 0;
		};
/* End PBXFrameworksBuildPhase section */

/* Begin PBXGroup section */
		D0C17E4729002DE200FFB9C3 = {
			isa = PBXGroup;
			children = (
				D0C17E5229002DE200FFB9C3 /* Coles Recipes */,
				D0C17E6329002DE500FFB9C3 /* Coles RecipesTests */,
				D0C17E6D29002DE600FFB9C3 /* Coles RecipesUITests */,
				D0C17E5129002DE200FFB9C3 /* Products */,
			);
			sourceTree = "<group>";
		};
		D0C17E5129002DE200FFB9C3 /* Products */ = {
			isa = PBXGroup;
			children = (
				D0C17E5029002DE200FFB9C3 /* Coles Recipes.app */,
				D0C17E6029002DE500FFB9C3 /* Coles RecipesTests.xctest */,
				D0C17E6A29002DE500FFB9C3 /* Coles RecipesUITests.xctest */,
			);
			name = Products;
			sourceTree = "<group>";
		};
		D0C17E5229002DE200FFB9C3 /* Coles Recipes */ = {
			isa = PBXGroup;
			children = (
				D0C17E8829003CFD00FFB9C3 /* Managers */,
				D0C17E83290031A400FFB9C3 /* Models */,
				D0C17E8029002F1000FFB9C3 /* Views */,
				D0C17E5329002DE200FFB9C3 /* Coles_RecipesApp.swift */,
				D0C17E7D29002E8F00FFB9C3 /* Resources */,
				D0C17E5929002DE500FFB9C3 /* Preview Content */,
			);
			path = "Coles Recipes";
			sourceTree = "<group>";
		};
		D0C17E5929002DE500FFB9C3 /* Preview Content */ = {
			isa = PBXGroup;
			children = (
				D0C17E5A29002DE500FFB9C3 /* Preview Assets.xcassets */,
				D0C17E862900362F00FFB9C3 /* PreviewModels.swift */,
			);
			path = "Preview Content";
			sourceTree = "<group>";
		};
		D0C17E6329002DE500FFB9C3 /* Coles RecipesTests */ = {
			isa = PBXGroup;
			children = (
				D0C17E8B2900431F00FFB9C3 /* Models */,
				D0C17E6429002DE500FFB9C3 /* Coles_RecipesTests.swift */,
			);
			path = "Coles RecipesTests";
			sourceTree = "<group>";
		};
		D0C17E6D29002DE600FFB9C3 /* Coles RecipesUITests */ = {
			isa = PBXGroup;
			children = (
				D0C17E6E29002DE600FFB9C3 /* Coles_RecipesUITests.swift */,
				D0C17E7029002DE600FFB9C3 /* Coles_RecipesUITestsLaunchTests.swift */,
			);
			path = "Coles RecipesUITests";
			sourceTree = "<group>";
		};
		D0C17E7D29002E8F00FFB9C3 /* Resources */ = {
			isa = PBXGroup;
			children = (
				D0C17E7E29002EA900FFB9C3 /* recipesSample.json */,
				D0C17E5729002DE500FFB9C3 /* Assets.xcassets */,
			);
			path = Resources;
			sourceTree = "<group>";
		};
		D0C17E8029002F1000FFB9C3 /* Views */ = {
			isa = PBXGroup;
			children = (
				D0C17E5529002DE200FFB9C3 /* RecipeView.swift */,
			);
			path = Views;
			sourceTree = "<group>";
		};
		D0C17E83290031A400FFB9C3 /* Models */ = {
			isa = PBXGroup;
			children = (
				D0C17E812900319E00FFB9C3 /* Recipe.swift */,
				D0C17E842900322000FFB9C3 /* RecipeDetails.swift */,
				D0C17E932900475200FFB9C3 /* Ingredient.swift */,
			);
			path = Models;
			sourceTree = "<group>";
		};
		D0C17E8829003CFD00FFB9C3 /* Managers */ = {
			isa = PBXGroup;
			children = (
				D0C17E8929003D0D00FFB9C3 /* ContentManager.swift */,
			);
			path = Managers;
			sourceTree = "<group>";
		};
		D0C17E8B2900431F00FFB9C3 /* Models */ = {
			isa = PBXGroup;
			children = (
				D0C17E8C2900433A00FFB9C3 /* RecipeTest.swift */,
				D0C17E912900458F00FFB9C3 /* RecipeDetailsTest.swift */,
				D0C17E95290047D200FFB9C3 /* IngredientTest.swift */,
			);
			path = Models;
			sourceTree = "<group>";
		};
/* End PBXGroup section */

/* Begin PBXNativeTarget section */
		D0C17E4F29002DE200FFB9C3 /* Coles Recipes */ = {
			isa = PBXNativeTarget;
			buildConfigurationList = D0C17E7429002DE600FFB9C3 /* Build configuration list for PBXNativeTarget "Coles Recipes" */;
			buildPhases = (
				D0C17E4C29002DE200FFB9C3 /* Sources */,
				D0C17E4D29002DE200FFB9C3 /* Frameworks */,
				D0C17E4E29002DE200FFB9C3 /* Resources */,
			);
			buildRules = (
			);
			dependencies = (
			);
			name = "Coles Recipes";
			productName = "Coles Recipes";
			productReference = D0C17E5029002DE200FFB9C3 /* Coles Recipes.app */;
			productType = "com.apple.product-type.application";
		};
		D0C17E5F29002DE500FFB9C3 /* Coles RecipesTests */ = {
			isa = PBXNativeTarget;
			buildConfigurationList = D0C17E7729002DE600FFB9C3 /* Build configuration list for PBXNativeTarget "Coles RecipesTests" */;
			buildPhases = (
				D0C17E5C29002DE500FFB9C3 /* Sources */,
				D0C17E5D29002DE500FFB9C3 /* Frameworks */,
				D0C17E5E29002DE500FFB9C3 /* Resources */,
			);
			buildRules = (
			);
			dependencies = (
				D0C17E6229002DE500FFB9C3 /* PBXTargetDependency */,
			);
			name = "Coles RecipesTests";
			productName = "Coles RecipesTests";
			productReference = D0C17E6029002DE500FFB9C3 /* Coles RecipesTests.xctest */;
			productType = "com.apple.product-type.bundle.unit-test";
		};
		D0C17E6929002DE500FFB9C3 /* Coles RecipesUITests */ = {
			isa = PBXNativeTarget;
			buildConfigurationList = D0C17E7A29002DE600FFB9C3 /* Build configuration list for PBXNativeTarget "Coles RecipesUITests" */;
			buildPhases = (
				D0C17E6629002DE500FFB9C3 /* Sources */,
				D0C17E6729002DE500FFB9C3 /* Frameworks */,
				D0C17E6829002DE500FFB9C3 /* Resources */,
			);
			buildRules = (
			);
			dependencies = (
				D0C17E6C29002DE500FFB9C3 /* PBXTargetDependency */,
			);
			name = "Coles RecipesUITests";
			productName = "Coles RecipesUITests";
			productReference = D0C17E6A29002DE500FFB9C3 /* Coles RecipesUITests.xctest */;
			productType = "com.apple.product-type.bundle.ui-testing";
		};
/* End PBXNativeTarget section */

/* Begin PBXProject section */
		D0C17E4829002DE200FFB9C3 /* Project object */ = {
			isa = PBXProject;
			attributes = {
				BuildIndependentTargetsInParallel = 1;
				LastSwiftUpdateCheck = 1400;
				LastUpgradeCheck = 1400;
				TargetAttributes = {
					D0C17E4F29002DE200FFB9C3 = {
						CreatedOnToolsVersion = 14.0;
					};
					D0C17E5F29002DE500FFB9C3 = {
						CreatedOnToolsVersion = 14.0;
						TestTargetID = D0C17E4F29002DE200FFB9C3;
					};
					D0C17E6929002DE500FFB9C3 = {
						CreatedOnToolsVersion = 14.0;
						TestTargetID = D0C17E4F29002DE200FFB9C3;
					};
				};
			};
			buildConfigurationList = D0C17E4B29002DE200FFB9C3 /* Build configuration list for PBXProject "Coles Recipes" */;
			compatibilityVersion = "Xcode 14.0";
			developmentRegion = en;
			hasScannedForEncodings = 0;
			knownRegions = (
				en,
				Base,
			);
			mainGroup = D0C17E4729002DE200FFB9C3;
			productRefGroup = D0C17E5129002DE200FFB9C3 /* Products */;
			projectDirPath = "";
			projectRoot = "";
			targets = (
				D0C17E4F29002DE200FFB9C3 /* Coles Recipes */,
				D0C17E5F29002DE500FFB9C3 /* Coles RecipesTests */,
				D0C17E6929002DE500FFB9C3 /* Coles RecipesUITests */,
			);
		};
/* End PBXProject section */

/* Begin PBXResourcesBuildPhase section */
		D0C17E4E29002DE200FFB9C3 /* Resources */ = {
			isa = PBXResourcesBuildPhase;
			buildActionMask = 2147483647;
			files = (
				D0C17E7F29002EA900FFB9C3 /* recipesSample.json in Resources */,
				D0C17E5B29002DE500FFB9C3 /* Preview Assets.xcassets in Resources */,
				D0C17E5829002DE500FFB9C3 /* Assets.xcassets in Resources */,
			);
			runOnlyForDeploymentPostprocessing = 0;
		};
		D0C17E5E29002DE500FFB9C3 /* Resources */ = {
			isa = PBXResourcesBuildPhase;
			buildActionMask = 2147483647;
			files = (
			);
			runOnlyForDeploymentPostprocessing = 0;
		};
		D0C17E6829002DE500FFB9C3 /* Resources */ = {
			isa = PBXResourcesBuildPhase;
			buildActionMask = 2147483647;
			files = (
			);
			runOnlyForDeploymentPostprocessing = 0;
		};
/* End PBXResourcesBuildPhase section */

/* Begin PBXSourcesBuildPhase section */
		D0C17E4C29002DE200FFB9C3 /* Sources */ = {
			isa = PBXSourcesBuildPhase;
			buildActionMask = 2147483647;
			files = (
				D0C17E852900322000FFB9C3 /* RecipeDetails.swift in Sources */,
				D0C17E8A29003D0D00FFB9C3 /* ContentManager.swift in Sources */,
				D0C17E942900475200FFB9C3 /* Ingredient.swift in Sources */,
				D0C17E822900319E00FFB9C3 /* Recipe.swift in Sources */,
				D0C17E5629002DE200FFB9C3 /* RecipeView.swift in Sources */,
				D0C17E5429002DE200FFB9C3 /* Coles_RecipesApp.swift in Sources */,
				D0C17E872900362F00FFB9C3 /* PreviewModels.swift in Sources */,
			);
			runOnlyForDeploymentPostprocessing = 0;
		};
		D0C17E5C29002DE500FFB9C3 /* Sources */ = {
			isa = PBXSourcesBuildPhase;
			buildActionMask = 2147483647;
			files = (
				D0C17E96290047D200FFB9C3 /* IngredientTest.swift in Sources */,
				D0C17E8F2900451D00FFB9C3 /* RecipeDetails.swift in Sources */,
				D0C17E902900456100FFB9C3 /* ContentManager.swift in Sources */,
				D0C17E922900458F00FFB9C3 /* RecipeDetailsTest.swift in Sources */,
				D0C17E97290047D600FFB9C3 /* Ingredient.swift in Sources */,
				D0C17E8E2900446B00FFB9C3 /* Recipe.swift in Sources */,
				D0C17E6529002DE500FFB9C3 /* Coles_RecipesTests.swift in Sources */,
				D0C17E8D2900433A00FFB9C3 /* RecipeTest.swift in Sources */,
			);
			runOnlyForDeploymentPostprocessing = 0;
		};
		D0C17E6629002DE500FFB9C3 /* Sources */ = {
			isa = PBXSourcesBuildPhase;
			buildActionMask = 2147483647;
			files = (
				D0C17E6F29002DE600FFB9C3 /* Coles_RecipesUITests.swift in Sources */,
				D0C17E7129002DE600FFB9C3 /* Coles_RecipesUITestsLaunchTests.swift in Sources */,
			);
			runOnlyForDeploymentPostprocessing = 0;
		};
/* End PBXSourcesBuildPhase section */

/* Begin PBXTargetDependency section */
		D0C17E6229002DE500FFB9C3 /* PBXTargetDependency */ = {
			isa = PBXTargetDependency;
			target = D0C17E4F29002DE200FFB9C3 /* Coles Recipes */;
			targetProxy = D0C17E6129002DE500FFB9C3 /* PBXContainerItemProxy */;
		};
		D0C17E6C29002DE500FFB9C3 /* PBXTargetDependency */ = {
			isa = PBXTargetDependency;
			target = D0C17E4F29002DE200FFB9C3 /* Coles Recipes */;
			targetProxy = D0C17E6B29002DE500FFB9C3 /* PBXContainerItemProxy */;
		};
/* End PBXTargetDependency section */

/* Begin XCBuildConfiguration section */
		D0C17E7229002DE600FFB9C3 /* Debug */ = {
			isa = XCBuildConfiguration;
			buildSettings = {
				ALWAYS_SEARCH_USER_PATHS = NO;
				CLANG_ANALYZER_NONNULL = YES;
				CLANG_ANALYZER_NUMBER_OBJECT_CONVERSION = YES_AGGRESSIVE;
				CLANG_CXX_LANGUAGE_STANDARD = "gnu++20";
				CLANG_ENABLE_MODULES = YES;
				CLANG_ENABLE_OBJC_ARC = YES;
				CLANG_ENABLE_OBJC_WEAK = YES;
				CLANG_WARN_BLOCK_CAPTURE_AUTORELEASING = YES;
				CLANG_WARN_BOOL_CONVERSION = YES;
				CLANG_WARN_COMMA = YES;
				CLANG_WARN_CONSTANT_CONVERSION = YES;
				CLANG_WARN_DEPRECATED_OBJC_IMPLEMENTATIONS = YES;
				CLANG_WARN_DIRECT_OBJC_ISA_USAGE = YES_ERROR;
				CLANG_WARN_DOCUMENTATION_COMMENTS = YES;
				CLANG_WARN_EMPTY_BODY = YES;
				CLANG_WARN_ENUM_CONVERSION = YES;
				CLANG_WARN_INFINITE_RECURSION = YES;
				CLANG_WARN_INT_CONVERSION = YES;
				CLANG_WARN_NON_LITERAL_NULL_CONVERSION = YES;
				CLANG_WARN_OBJC_IMPLICIT_RETAIN_SELF = YES;
				CLANG_WARN_OBJC_LITERAL_CONVERSION = YES;
				CLANG_WARN_OBJC_ROOT_CLASS = YES_ERROR;
				CLANG_WARN_QUOTED_INCLUDE_IN_FRAMEWORK_HEADER = YES;
				CLANG_WARN_RANGE_LOOP_ANALYSIS = YES;
				CLANG_WARN_STRICT_PROTOTYPES = YES;
				CLANG_WARN_SUSPICIOUS_MOVE = YES;
				CLANG_WARN_UNGUARDED_AVAILABILITY = YES_AGGRESSIVE;
				CLANG_WARN_UNREACHABLE_CODE = YES;
				CLANG_WARN__DUPLICATE_METHOD_MATCH = YES;
				COPY_PHASE_STRIP = NO;
				DEBUG_INFORMATION_FORMAT = dwarf;
				ENABLE_STRICT_OBJC_MSGSEND = YES;
				ENABLE_TESTABILITY = YES;
				GCC_C_LANGUAGE_STANDARD = gnu11;
				GCC_DYNAMIC_NO_PIC = NO;
				GCC_NO_COMMON_BLOCKS = YES;
				GCC_OPTIMIZATION_LEVEL = 0;
				GCC_PREPROCESSOR_DEFINITIONS = (
					"DEBUG=1",
					"$(inherited)",
				);
				GCC_WARN_64_TO_32_BIT_CONVERSION = YES;
				GCC_WARN_ABOUT_RETURN_TYPE = YES_ERROR;
				GCC_WARN_UNDECLARED_SELECTOR = YES;
				GCC_WARN_UNINITIALIZED_AUTOS = YES_AGGRESSIVE;
				GCC_WARN_UNUSED_FUNCTION = YES;
				GCC_WARN_UNUSED_VARIABLE = YES;
				IPHONEOS_DEPLOYMENT_TARGET = 16.0;
				MTL_ENABLE_DEBUG_INFO = INCLUDE_SOURCE;
				MTL_FAST_MATH = YES;
				ONLY_ACTIVE_ARCH = YES;
				SDKROOT = iphoneos;
				SWIFT_ACTIVE_COMPILATION_CONDITIONS = DEBUG;
				SWIFT_OPTIMIZATION_LEVEL = "-Onone";
			};
			name = Debug;
		};
		D0C17E7329002DE600FFB9C3 /* Release */ = {
			isa = XCBuildConfiguration;
			buildSettings = {
				ALWAYS_SEARCH_USER_PATHS = NO;
				CLANG_ANALYZER_NONNULL = YES;
				CLANG_ANALYZER_NUMBER_OBJECT_CONVERSION = YES_AGGRESSIVE;
				CLANG_CXX_LANGUAGE_STANDARD = "gnu++20";
				CLANG_ENABLE_MODULES = YES;
				CLANG_ENABLE_OBJC_ARC = YES;
				CLANG_ENABLE_OBJC_WEAK = YES;
				CLANG_WARN_BLOCK_CAPTURE_AUTORELEASING = YES;
				CLANG_WARN_BOOL_CONVERSION = YES;
				CLANG_WARN_COMMA = YES;
				CLANG_WARN_CONSTANT_CONVERSION = YES;
				CLANG_WARN_DEPRECATED_OBJC_IMPLEMENTATIONS = YES;
				CLANG_WARN_DIRECT_OBJC_ISA_USAGE = YES_ERROR;
				CLANG_WARN_DOCUMENTATION_COMMENTS = YES;
				CLANG_WARN_EMPTY_BODY = YES;
				CLANG_WARN_ENUM_CONVERSION = YES;
				CLANG_WARN_INFINITE_RECURSION = YES;
				CLANG_WARN_INT_CONVERSION = YES;
				CLANG_WARN_NON_LITERAL_NULL_CONVERSION = YES;
				CLANG_WARN_OBJC_IMPLICIT_RETAIN_SELF = YES;
				CLANG_WARN_OBJC_LITERAL_CONVERSION = YES;
				CLANG_WARN_OBJC_ROOT_CLASS = YES_ERROR;
				CLANG_WARN_QUOTED_INCLUDE_IN_FRAMEWORK_HEADER = YES;
				CLANG_WARN_RANGE_LOOP_ANALYSIS = YES;
				CLANG_WARN_STRICT_PROTOTYPES = YES;
				CLANG_WARN_SUSPICIOUS_MOVE = YES;
				CLANG_WARN_UNGUARDED_AVAILABILITY = YES_AGGRESSIVE;
				CLANG_WARN_UNREACHABLE_CODE = YES;
				CLANG_WARN__DUPLICATE_METHOD_MATCH = YES;
				COPY_PHASE_STRIP = NO;
				DEBUG_INFORMATION_FORMAT = "dwarf-with-dsym";
				ENABLE_NS_ASSERTIONS = NO;
				ENABLE_STRICT_OBJC_MSGSEND = YES;
				GCC_C_LANGUAGE_STANDARD = gnu11;
				GCC_NO_COMMON_BLOCKS = YES;
				GCC_WARN_64_TO_32_BIT_CONVERSION = YES;
				GCC_WARN_ABOUT_RETURN_TYPE = YES_ERROR;
				GCC_WARN_UNDECLARED_SELECTOR = YES;
				GCC_WARN_UNINITIALIZED_AUTOS = YES_AGGRESSIVE;
				GCC_WARN_UNUSED_FUNCTION = YES;
				GCC_WARN_UNUSED_VARIABLE = YES;
				IPHONEOS_DEPLOYMENT_TARGET = 16.0;
				MTL_ENABLE_DEBUG_INFO = NO;
				MTL_FAST_MATH = YES;
				SDKROOT = iphoneos;
				SWIFT_COMPILATION_MODE = wholemodule;
				SWIFT_OPTIMIZATION_LEVEL = "-O";
				VALIDATE_PRODUCT = YES;
			};
			name = Release;
		};
		D0C17E7529002DE600FFB9C3 /* Debug */ = {
			isa = XCBuildConfiguration;
			buildSettings = {
				ASSETCATALOG_COMPILER_APPICON_NAME = AppIcon;
				ASSETCATALOG_COMPILER_GLOBAL_ACCENT_COLOR_NAME = AccentColor;
				CODE_SIGN_STYLE = Automatic;
				CURRENT_PROJECT_VERSION = 1;
				DEVELOPMENT_ASSET_PATHS = "\"Coles Recipes/Preview Content\"";
				DEVELOPMENT_TEAM = A35E8LEHGV;
				ENABLE_PREVIEWS = YES;
				GENERATE_INFOPLIST_FILE = YES;
				INFOPLIST_KEY_UIApplicationSceneManifest_Generation = YES;
				INFOPLIST_KEY_UIApplicationSupportsIndirectInputEvents = YES;
				INFOPLIST_KEY_UILaunchScreen_Generation = YES;
				INFOPLIST_KEY_UISupportedInterfaceOrientations_iPad = "UIInterfaceOrientationPortrait UIInterfaceOrientationPortraitUpsideDown UIInterfaceOrientationLandscapeLeft UIInterfaceOrientationLandscapeRight";
				INFOPLIST_KEY_UISupportedInterfaceOrientations_iPhone = "UIInterfaceOrientationPortrait UIInterfaceOrientationLandscapeLeft UIInterfaceOrientationLandscapeRight";
				IPHONEOS_DEPLOYMENT_TARGET = 15.0;
				LD_RUNPATH_SEARCH_PATHS = (
					"$(inherited)",
					"@executable_path/Frameworks",
				);
				MARKETING_VERSION = 1.0;
				PRODUCT_BUNDLE_IDENTIFIER = "com.ashar-guglielmino.Coles-Recipes";
				PRODUCT_NAME = "$(TARGET_NAME)";
				SUPPORTED_PLATFORMS = "iphoneos iphonesimulator";
				SUPPORTS_MACCATALYST = NO;
				SUPPORTS_MAC_DESIGNED_FOR_IPHONE_IPAD = NO;
				SWIFT_EMIT_LOC_STRINGS = YES;
				SWIFT_VERSION = 5.0;
				TARGETED_DEVICE_FAMILY = 1;
			};
			name = Debug;
		};
		D0C17E7629002DE600FFB9C3 /* Release */ = {
			isa = XCBuildConfiguration;
			buildSettings = {
				ASSETCATALOG_COMPILER_APPICON_NAME = AppIcon;
				ASSETCATALOG_COMPILER_GLOBAL_ACCENT_COLOR_NAME = AccentColor;
				CODE_SIGN_STYLE = Automatic;
				CURRENT_PROJECT_VERSION = 1;
				DEVELOPMENT_ASSET_PATHS = "\"Coles Recipes/Preview Content\"";
				DEVELOPMENT_TEAM = A35E8LEHGV;
				ENABLE_PREVIEWS = YES;
				GENERATE_INFOPLIST_FILE = YES;
				INFOPLIST_KEY_UIApplicationSceneManifest_Generation = YES;
				INFOPLIST_KEY_UIApplicationSupportsIndirectInputEvents = YES;
				INFOPLIST_KEY_UILaunchScreen_Generation = YES;
				INFOPLIST_KEY_UISupportedInterfaceOrientations_iPad = "UIInterfaceOrientationPortrait UIInterfaceOrientationPortraitUpsideDown UIInterfaceOrientationLandscapeLeft UIInterfaceOrientationLandscapeRight";
				INFOPLIST_KEY_UISupportedInterfaceOrientations_iPhone = "UIInterfaceOrientationPortrait UIInterfaceOrientationLandscapeLeft UIInterfaceOrientationLandscapeRight";
				IPHONEOS_DEPLOYMENT_TARGET = 15.0;
				LD_RUNPATH_SEARCH_PATHS = (
					"$(inherited)",
					"@executable_path/Frameworks",
				);
				MARKETING_VERSION = 1.0;
				PRODUCT_BUNDLE_IDENTIFIER = "com.ashar-guglielmino.Coles-Recipes";
				PRODUCT_NAME = "$(TARGET_NAME)";
				SUPPORTED_PLATFORMS = "iphoneos iphonesimulator";
				SUPPORTS_MACCATALYST = NO;
				SUPPORTS_MAC_DESIGNED_FOR_IPHONE_IPAD = NO;
				SWIFT_EMIT_LOC_STRINGS = YES;
				SWIFT_VERSION = 5.0;
				TARGETED_DEVICE_FAMILY = 1;
			};
			name = Release;
		};
		D0C17E7829002DE600FFB9C3 /* Debug */ = {
			isa = XCBuildConfiguration;
			buildSettings = {
				ALWAYS_EMBED_SWIFT_STANDARD_LIBRARIES = YES;
				BUNDLE_LOADER = "$(TEST_HOST)";
				CODE_SIGN_STYLE = Automatic;
				CURRENT_PROJECT_VERSION = 1;
				DEVELOPMENT_TEAM = A35E8LEHGV;
				GENERATE_INFOPLIST_FILE = YES;
				IPHONEOS_DEPLOYMENT_TARGET = 16.0;
				MARKETING_VERSION = 1.0;
				PRODUCT_BUNDLE_IDENTIFIER = "com.ashar-guglielmino.Coles-RecipesTests";
				PRODUCT_NAME = "$(TARGET_NAME)";
				SWIFT_EMIT_LOC_STRINGS = NO;
				SWIFT_VERSION = 5.0;
				TARGETED_DEVICE_FAMILY = "1,2";
				TEST_HOST = "$(BUILT_PRODUCTS_DIR)/Coles Recipes.app/$(BUNDLE_EXECUTABLE_FOLDER_PATH)/Coles Recipes";
			};
			name = Debug;
		};
		D0C17E7929002DE600FFB9C3 /* Release */ = {
			isa = XCBuildConfiguration;
			buildSettings = {
				ALWAYS_EMBED_SWIFT_STANDARD_LIBRARIES = YES;
				BUNDLE_LOADER = "$(TEST_HOST)";
				CODE_SIGN_STYLE = Automatic;
				CURRENT_PROJECT_VERSION = 1;
				DEVELOPMENT_TEAM = A35E8LEHGV;
				GENERATE_INFOPLIST_FILE = YES;
				IPHONEOS_DEPLOYMENT_TARGET = 16.0;
				MARKETING_VERSION = 1.0;
				PRODUCT_BUNDLE_IDENTIFIER = "com.ashar-guglielmino.Coles-RecipesTests";
				PRODUCT_NAME = "$(TARGET_NAME)";
				SWIFT_EMIT_LOC_STRINGS = NO;
				SWIFT_VERSION = 5.0;
				TARGETED_DEVICE_FAMILY = "1,2";
				TEST_HOST = "$(BUILT_PRODUCTS_DIR)/Coles Recipes.app/$(BUNDLE_EXECUTABLE_FOLDER_PATH)/Coles Recipes";
			};
			name = Release;
		};
		D0C17E7B29002DE600FFB9C3 /* Debug */ = {
			isa = XCBuildConfiguration;
			buildSettings = {
				ALWAYS_EMBED_SWIFT_STANDARD_LIBRARIES = YES;
				CODE_SIGN_STYLE = Automatic;
				CURRENT_PROJECT_VERSION = 1;
				DEVELOPMENT_TEAM = A35E8LEHGV;
				GENERATE_INFOPLIST_FILE = YES;
				MARKETING_VERSION = 1.0;
				PRODUCT_BUNDLE_IDENTIFIER = "com.ashar-guglielmino.Coles-RecipesUITests";
				PRODUCT_NAME = "$(TARGET_NAME)";
				SWIFT_EMIT_LOC_STRINGS = NO;
				SWIFT_VERSION = 5.0;
				TARGETED_DEVICE_FAMILY = "1,2";
				TEST_TARGET_NAME = "Coles Recipes";
			};
			name = Debug;
		};
		D0C17E7C29002DE600FFB9C3 /* Release */ = {
			isa = XCBuildConfiguration;
			buildSettings = {
				ALWAYS_EMBED_SWIFT_STANDARD_LIBRARIES = YES;
				CODE_SIGN_STYLE = Automatic;
				CURRENT_PROJECT_VERSION = 1;
				DEVELOPMENT_TEAM = A35E8LEHGV;
				GENERATE_INFOPLIST_FILE = YES;
				MARKETING_VERSION = 1.0;
				PRODUCT_BUNDLE_IDENTIFIER = "com.ashar-guglielmino.Coles-RecipesUITests";
				PRODUCT_NAME = "$(TARGET_NAME)";
				SWIFT_EMIT_LOC_STRINGS = NO;
				SWIFT_VERSION = 5.0;
				TARGETED_DEVICE_FAMILY = "1,2";
				TEST_TARGET_NAME = "Coles Recipes";
			};
			name = Release;
		};
/* End XCBuildConfiguration section */

/* Begin XCConfigurationList section */
		D0C17E4B29002DE200FFB9C3 /* Build configuration list for PBXProject "Coles Recipes" */ = {
			isa = XCConfigurationList;
			buildConfigurations = (
				D0C17E7229002DE600FFB9C3 /* Debug */,
				D0C17E7329002DE600FFB9C3 /* Release */,
			);
			defaultConfigurationIsVisible = 0;
			defaultConfigurationName = Release;
		};
		D0C17E7429002DE600FFB9C3 /* Build configuration list for PBXNativeTarget "Coles Recipes" */ = {
			isa = XCConfigurationList;
			buildConfigurations = (
				D0C17E7529002DE600FFB9C3 /* Debug */,
				D0C17E7629002DE600FFB9C3 /* Release */,
			);
			defaultConfigurationIsVisible = 0;
			defaultConfigurationName = Release;
		};
		D0C17E7729002DE600FFB9C3 /* Build configuration list for PBXNativeTarget "Coles RecipesTests" */ = {
			isa = XCConfigurationList;
			buildConfigurations = (
				D0C17E7829002DE600FFB9C3 /* Debug */,
				D0C17E7929002DE600FFB9C3 /* Release */,
			);
			defaultConfigurationIsVisible = 0;
			defaultConfigurationName = Release;
		};
		D0C17E7A29002DE600FFB9C3 /* Build configuration list for PBXNativeTarget "Coles RecipesUITests" */ = {
			isa = XCConfigurationList;
			buildConfigurations = (
				D0C17E7B29002DE600FFB9C3 /* Debug */,
				D0C17E7C29002DE600FFB9C3 /* Release */,
			);
			defaultConfigurationIsVisible = 0;
			defaultConfigurationName = Release;
		};
/* End XCConfigurationList section */
	};
	rootObject = D0C17E4829002DE200FFB9C3 /* Project object */;
}
